
Microsoft Visual Studio Solution File, Format Version 12.00
# Visual Studio Version 17
VisualStudioVersion = 17.0.31825.309
MinimumVisualStudioVersion = 10.0.40219.1
Project("{9A19103F-16F7-4668-BE54-9A1E7A4F7556}") = "WindowsAppLib", "CSTP2104\WindowsAppLib.csproj", "{B63FBF1A-7F2F-46CC-8CC5-4351E1633507}"
EndProject
Project("{2150E333-8FDC-42A3-9474-1A3956D46DE8}") = "Review", "Review", "{01EBD194-60EC-4190-8FB4-ED2C566FDB8A}"
EndProject
Project("{2150E333-8FDC-42A3-9474-1A3956D46DE8}") = "Assignments", "Assignments", "{B292EF98-2E3D-4D47-BCCF-154FA28B976A}"
EndProject
Project("{9A19103F-16F7-4668-BE54-9A1E7A4F7556}") = "WindowsAppConsole", "WindowsAppConsole\WindowsAppConsole.csproj", "{D48FB93F-9750-47EA-A9E7-1A7550E31978}"
EndProject
Project("{FAE04EC0-301F-11D3-BF4B-00C04F79EFBC}") = "Assignment1", "Assignments\Assignment1\Assignment1.csproj", "{4A27B4DE-E5CD-4DBD-B45E-BBCE4B397B39}"
EndProject
Project("{FAE04EC0-301F-11D3-BF4B-00C04F79EFBC}") = "Assignment2", "Assignments\Assignment2\Assignment2.csproj", "{95724E9B-9BE2-453A-8435-DE31B374C9B9}"
EndProject
Project("{FAE04EC0-301F-11D3-BF4B-00C04F79EFBC}") = "Assignment3", "Assignments\Assignment3\Assignment3.csproj", "{962F7EFC-8B8C-486D-8E4E-AF1400D87811}"
EndProject
Project("{FAE04EC0-301F-11D3-BF4B-00C04F79EFBC}") = "Assignment4", "Assignments\Assignment4\Assignment4.csproj", "{8C4FF2A1-DD9C-4B81-81E3-D9F273390258}"
EndProject
Project("{2150E333-8FDC-42A3-9474-1A3956D46DE8}") = "FinalAssignment", "FinalAssignment", "{0B3DB803-BF39-409B-98BB-D4322CD19624}"
	ProjectSection(SolutionItems) = preProject
		Assignments\FinalAssignment\ideation.md = Assignments\FinalAssignment\ideation.md
		Assignments\FinalAssignment\readme.md = Assignments\FinalAssignment\readme.md
		Assignments\FinalAssignment\Srs.md = Assignments\FinalAssignment\Srs.md
	EndProjectSection
EndProject
Project("{FAE04EC0-301F-11D3-BF4B-00C04F79EFBC}") = "DataAccessLayer", "Assignments\FinalAssignment\DataAccessLayer\DataAccessLayer.csproj", "{02870873-320C-4AA4-B7DB-9AE75F51CE4B}"
EndProject
Project("{FAE04EC0-301F-11D3-BF4B-00C04F79EFBC}") = "SharedCommon", "Assignments\FinalAssignment\SharedCommon\SharedCommon.csproj", "{23AFBB8B-F1D4-42D3-8720-92C2E73ADE2D}"
EndProject
Project("{FAE04EC0-301F-11D3-BF4B-00C04F79EFBC}") = "BusinessLogic", "Assignments\FinalAssignment\BusinessLogic\BusinessLogic.csproj", "{5C699B25-20F6-4167-B53C-DDD7E054997C}"
EndProject
Project("{FAE04EC0-301F-11D3-BF4B-00C04F79EFBC}") = "testLayer", "Assignments\FinalAssignment\testLayer\testLayer.csproj", "{37D00C96-77D3-4EEC-A171-D663266B4CC9}"
EndProject
Global
	GlobalSection(SolutionConfigurationPlatforms) = preSolution
		Debug|Any CPU = Debug|Any CPU
		Release|Any CPU = Release|Any CPU
	EndGlobalSection
	GlobalSection(ProjectConfigurationPlatforms) = postSolution
		{B63FBF1A-7F2F-46CC-8CC5-4351E1633507}.Debug|Any CPU.ActiveCfg = Debug|Any CPU
		{B63FBF1A-7F2F-46CC-8CC5-4351E1633507}.Debug|Any CPU.Build.0 = Debug|Any CPU
		{B63FBF1A-7F2F-46CC-8CC5-4351E1633507}.Release|Any CPU.ActiveCfg = Release|Any CPU
		{B63FBF1A-7F2F-46CC-8CC5-4351E1633507}.Release|Any CPU.Build.0 = Release|Any CPU
		{D48FB93F-9750-47EA-A9E7-1A7550E31978}.Debug|Any CPU.ActiveCfg = Debug|Any CPU
		{D48FB93F-9750-47EA-A9E7-1A7550E31978}.Debug|Any CPU.Build.0 = Debug|Any CPU
		{D48FB93F-9750-47EA-A9E7-1A7550E31978}.Release|Any CPU.ActiveCfg = Release|Any CPU
		{D48FB93F-9750-47EA-A9E7-1A7550E31978}.Release|Any CPU.Build.0 = Release|Any CPU
		{4A27B4DE-E5CD-4DBD-B45E-BBCE4B397B39}.Debug|Any CPU.ActiveCfg = Debug|Any CPU
		{4A27B4DE-E5CD-4DBD-B45E-BBCE4B397B39}.Debug|Any CPU.Build.0 = Debug|Any CPU
		{4A27B4DE-E5CD-4DBD-B45E-BBCE4B397B39}.Release|Any CPU.ActiveCfg = Release|Any CPU
		{4A27B4DE-E5CD-4DBD-B45E-BBCE4B397B39}.Release|Any CPU.Build.0 = Release|Any CPU
		{95724E9B-9BE2-453A-8435-DE31B374C9B9}.Debug|Any CPU.ActiveCfg = Debug|Any CPU
		{95724E9B-9BE2-453A-8435-DE31B374C9B9}.Debug|Any CPU.Build.0 = Debug|Any CPU
		{95724E9B-9BE2-453A-8435-DE31B374C9B9}.Release|Any CPU.ActiveCfg = Release|Any CPU
		{95724E9B-9BE2-453A-8435-DE31B374C9B9}.Release|Any CPU.Build.0 = Release|Any CPU
		{962F7EFC-8B8C-486D-8E4E-AF1400D87811}.Debug|Any CPU.ActiveCfg = Debug|Any CPU
		{962F7EFC-8B8C-486D-8E4E-AF1400D87811}.Debug|Any CPU.Build.0 = Debug|Any CPU
		{962F7EFC-8B8C-486D-8E4E-AF1400D87811}.Release|Any CPU.ActiveCfg = Release|Any CPU
		{962F7EFC-8B8C-486D-8E4E-AF1400D87811}.Release|Any CPU.Build.0 = Release|Any CPU
		{8C4FF2A1-DD9C-4B81-81E3-D9F273390258}.Debug|Any CPU.ActiveCfg = Debug|Any CPU
		{8C4FF2A1-DD9C-4B81-81E3-D9F273390258}.Debug|Any CPU.Build.0 = Debug|Any CPU
		{8C4FF2A1-DD9C-4B81-81E3-D9F273390258}.Release|Any CPU.ActiveCfg = Release|Any CPU
		{8C4FF2A1-DD9C-4B81-81E3-D9F273390258}.Release|Any CPU.Build.0 = Release|Any CPU
		{02870873-320C-4AA4-B7DB-9AE75F51CE4B}.Debug|Any CPU.ActiveCfg = Debug|Any CPU
		{02870873-320C-4AA4-B7DB-9AE75F51CE4B}.Debug|Any CPU.Build.0 = Debug|Any CPU
		{02870873-320C-4AA4-B7DB-9AE75F51CE4B}.Release|Any CPU.ActiveCfg = Release|Any CPU
		{02870873-320C-4AA4-B7DB-9AE75F51CE4B}.Release|Any CPU.Build.0 = Release|Any CPU
		{23AFBB8B-F1D4-42D3-8720-92C2E73ADE2D}.Debug|Any CPU.ActiveCfg = Debug|Any CPU
		{23AFBB8B-F1D4-42D3-8720-92C2E73ADE2D}.Debug|Any CPU.Build.0 = Debug|Any CPU
		{23AFBB8B-F1D4-42D3-8720-92C2E73ADE2D}.Release|Any CPU.ActiveCfg = Release|Any CPU
		{23AFBB8B-F1D4-42D3-8720-92C2E73ADE2D}.Release|Any CPU.Build.0 = Release|Any CPU
		{5C699B25-20F6-4167-B53C-DDD7E054997C}.Debug|Any CPU.ActiveCfg = Debug|Any CPU
		{5C699B25-20F6-4167-B53C-DDD7E054997C}.Debug|Any CPU.Build.0 = Debug|Any CPU
		{5C699B25-20F6-4167-B53C-DDD7E054997C}.Release|Any CPU.ActiveCfg = Release|Any CPU
		{5C699B25-20F6-4167-B53C-DDD7E054997C}.Release|Any CPU.Build.0 = Release|Any CPU
		{37D00C96-77D3-4EEC-A171-D663266B4CC9}.Debug|Any CPU.ActiveCfg = Debug|Any CPU
		{37D00C96-77D3-4EEC-A171-D663266B4CC9}.Debug|Any CPU.Build.0 = Debug|Any CPU
		{37D00C96-77D3-4EEC-A171-D663266B4CC9}.Release|Any CPU.ActiveCfg = Release|Any CPU
		{37D00C96-77D3-4EEC-A171-D663266B4CC9}.Release|Any CPU.Build.0 = Release|Any CPU
	EndGlobalSection
	GlobalSection(SolutionProperties) = preSolution
		HideSolutionNode = FALSE
	EndGlobalSection
	GlobalSection(NestedProjects) = preSolution
		{B63FBF1A-7F2F-46CC-8CC5-4351E1633507} = {01EBD194-60EC-4190-8FB4-ED2C566FDB8A}
		{D48FB93F-9750-47EA-A9E7-1A7550E31978} = {01EBD194-60EC-4190-8FB4-ED2C566FDB8A}
		{4A27B4DE-E5CD-4DBD-B45E-BBCE4B397B39} = {B292EF98-2E3D-4D47-BCCF-154FA28B976A}
		{95724E9B-9BE2-453A-8435-DE31B374C9B9} = {B292EF98-2E3D-4D47-BCCF-154FA28B976A}
		{962F7EFC-8B8C-486D-8E4E-AF1400D87811} = {B292EF98-2E3D-4D47-BCCF-154FA28B976A}
		{8C4FF2A1-DD9C-4B81-81E3-D9F273390258} = {B292EF98-2E3D-4D47-BCCF-154FA28B976A}
		{0B3DB803-BF39-409B-98BB-D4322CD19624} = {B292EF98-2E3D-4D47-BCCF-154FA28B976A}
		{02870873-320C-4AA4-B7DB-9AE75F51CE4B} = {0B3DB803-BF39-409B-98BB-D4322CD19624}
		{23AFBB8B-F1D4-42D3-8720-92C2E73ADE2D} = {0B3DB803-BF39-409B-98BB-D4322CD19624}
		{5C699B25-20F6-4167-B53C-DDD7E054997C} = {0B3DB803-BF39-409B-98BB-D4322CD19624}
		{37D00C96-77D3-4EEC-A171-D663266B4CC9} = {0B3DB803-BF39-409B-98BB-D4322CD19624}
	EndGlobalSection
	GlobalSection(ExtensibilityGlobals) = postSolution
		SolutionGuid = {0795433D-4DB6-4C4A-88CB-6924BDCE7898}
	EndGlobalSection
EndGlobal
